// !$*UTF8*$!
{
	archiveVersion = 1;
	classes = {
	};
	objectVersion = 46;
	objects = {

/* Begin PBXBuildFile section */
		429164934E001DA9E7351771 /* libPods-Nearbuy.a in Frameworks */ = {isa = PBXBuildFile; fileRef = 48AF2F2923D1EC95F3E82FFA /* libPods-Nearbuy.a */; };
		59ED38371B8D1638004C6F0A /* main.m in Sources */ = {isa = PBXBuildFile; fileRef = 59ED38361B8D1638004C6F0A /* main.m */; };
		59ED383A1B8D1638004C6F0A /* AppDelegate.m in Sources */ = {isa = PBXBuildFile; fileRef = 59ED38391B8D1638004C6F0A /* AppDelegate.m */; };
		59ED383C1B8D1639004C6F0A /* Images.xcassets in Resources */ = {isa = PBXBuildFile; fileRef = 59ED383B1B8D1639004C6F0A /* Images.xcassets */; };
		59ED383F1B8D1639004C6F0A /* LaunchScreen.xib in Resources */ = {isa = PBXBuildFile; fileRef = 59ED383D1B8D1639004C6F0A /* LaunchScreen.xib */; };
		59ED384B1B8D1639004C6F0A /* NearbuyTests.m in Sources */ = {isa = PBXBuildFile; fileRef = 59ED384A1B8D1639004C6F0A /* NearbuyTests.m */; };
		59ED38581B8D9017004C6F0A /* NearbyClient.m in Sources */ = {isa = PBXBuildFile; fileRef = 59ED38571B8D9017004C6F0A /* NearbyClient.m */; };
		59ED385C1B8D93DA004C6F0A /* UserDefaultsUtils.m in Sources */ = {isa = PBXBuildFile; fileRef = 59ED385B1B8D93DA004C6F0A /* UserDefaultsUtils.m */; };
		59ED38611B8DAE45004C6F0A /* FLGPoisTableViewController.m in Sources */ = {isa = PBXBuildFile; fileRef = 59ED385F1B8DAE45004C6F0A /* FLGPoisTableViewController.m */; };
		59ED38621B8DAE45004C6F0A /* FLGPoisTableViewController.xib in Resources */ = {isa = PBXBuildFile; fileRef = 59ED38601B8DAE45004C6F0A /* FLGPoisTableViewController.xib */; };
		59ED38651B8DB741004C6F0A /* FLGPushNotificationReceiverViewController.m in Sources */ = {isa = PBXBuildFile; fileRef = 59ED38641B8DB741004C6F0A /* FLGPushNotificationReceiverViewController.m */; };
		59ED38681B8DCC02004C6F0A /* Poi.m in Sources */ = {isa = PBXBuildFile; fileRef = 59ED38671B8DCC02004C6F0A /* Poi.m */; };
		59ED386F1B8DFBC2004C6F0A /* PoisSet.m in Sources */ = {isa = PBXBuildFile; fileRef = 59ED386E1B8DFBC2004C6F0A /* PoisSet.m */; };
		59ED38741B8E0883004C6F0A /* FLGPoiTableViewCell.m in Sources */ = {isa = PBXBuildFile; fileRef = 59ED38721B8E0883004C6F0A /* FLGPoiTableViewCell.m */; };
		59ED38751B8E0883004C6F0A /* FLGPoiTableViewCell.xib in Resources */ = {isa = PBXBuildFile; fileRef = 59ED38731B8E0883004C6F0A /* FLGPoiTableViewCell.xib */; };
		59ED38771B8E5CE8004C6F0A /* MapKit.framework in Frameworks */ = {isa = PBXBuildFile; fileRef = 59ED38761B8E5CE8004C6F0A /* MapKit.framework */; };
		59ED387A1B8E678A004C6F0A /* MyLocation.m in Sources */ = {isa = PBXBuildFile; fileRef = 59ED38791B8E678A004C6F0A /* MyLocation.m */; };
		59ED38B41B8E855F004C6F0A /* Raleway-Bold.ttf in Resources */ = {isa = PBXBuildFile; fileRef = 59ED38AB1B8E855F004C6F0A /* Raleway-Bold.ttf */; };
		59ED38B51B8E855F004C6F0A /* Raleway-ExtraBold.ttf in Resources */ = {isa = PBXBuildFile; fileRef = 59ED38AC1B8E855F004C6F0A /* Raleway-ExtraBold.ttf */; };
		59ED38B61B8E855F004C6F0A /* Raleway-ExtraLight.ttf in Resources */ = {isa = PBXBuildFile; fileRef = 59ED38AD1B8E855F004C6F0A /* Raleway-ExtraLight.ttf */; };
		59ED38B71B8E855F004C6F0A /* Raleway-Heavy.ttf in Resources */ = {isa = PBXBuildFile; fileRef = 59ED38AE1B8E855F004C6F0A /* Raleway-Heavy.ttf */; };
		59ED38B81B8E855F004C6F0A /* Raleway-Light.ttf in Resources */ = {isa = PBXBuildFile; fileRef = 59ED38AF1B8E855F004C6F0A /* Raleway-Light.ttf */; };
		59ED38B91B8E855F004C6F0A /* Raleway-Medium.ttf in Resources */ = {isa = PBXBuildFile; fileRef = 59ED38B01B8E855F004C6F0A /* Raleway-Medium.ttf */; };
		59ED38BA1B8E855F004C6F0A /* Raleway-Regular.ttf in Resources */ = {isa = PBXBuildFile; fileRef = 59ED38B11B8E855F004C6F0A /* Raleway-Regular.ttf */; };
		59ED38BB1B8E855F004C6F0A /* Raleway-SemiBold.ttf in Resources */ = {isa = PBXBuildFile; fileRef = 59ED38B21B8E855F004C6F0A /* Raleway-SemiBold.ttf */; };
		59ED38BC1B8E855F004C6F0A /* Raleway-Thin.ttf in Resources */ = {isa = PBXBuildFile; fileRef = 59ED38B31B8E855F004C6F0A /* Raleway-Thin.ttf */; };
		59ED38C01B8E8BD1004C6F0A /* FLGPoiDetailViewController.m in Sources */ = {isa = PBXBuildFile; fileRef = 59ED38BE1B8E8BD1004C6F0A /* FLGPoiDetailViewController.m */; };
		59ED38C11B8E8BD1004C6F0A /* FLGPoiDetailViewController.xib in Resources */ = {isa = PBXBuildFile; fileRef = 59ED38BF1B8E8BD1004C6F0A /* FLGPoiDetailViewController.xib */; };
		59ED38CA1B8FBB28004C6F0A /* NSString+FLGStringUtils.m in Sources */ = {isa = PBXBuildFile; fileRef = 59ED38C91B8FBB28004C6F0A /* NSString+FLGStringUtils.m */; };
		59ED38CD1B8FC48A004C6F0A /* NSNumber+FLGNumberUtils.m in Sources */ = {isa = PBXBuildFile; fileRef = 59ED38CC1B8FC48A004C6F0A /* NSNumber+FLGNumberUtils.m */; };
		59ED38D01B90A001004C6F0A /* FLGRegionGeofencingViewController.m in Sources */ = {isa = PBXBuildFile; fileRef = 59ED38CF1B90A001004C6F0A /* FLGRegionGeofencingViewController.m */; };
		59ED38D31B91006E004C6F0A /* Localized.strings in Resources */ = {isa = PBXBuildFile; fileRef = 59ED38D51B91006E004C6F0A /* Localized.strings */; };
		59ED38D91B91044A004C6F0A /* Model.xcdatamodeld in Sources */ = {isa = PBXBuildFile; fileRef = 59ED38D71B91044A004C6F0A /* Model.xcdatamodeld */; };
/* End PBXBuildFile section */

/* Begin PBXContainerItemProxy section */
		59ED38451B8D1639004C6F0A /* PBXContainerItemProxy */ = {
			isa = PBXContainerItemProxy;
			containerPortal = 59ED38291B8D1636004C6F0A /* Project object */;
			proxyType = 1;
			remoteGlobalIDString = 59ED38301B8D1636004C6F0A;
			remoteInfo = Nearbuy;
		};
/* End PBXContainerItemProxy section */

/* Begin PBXFileReference section */
		48AF2F2923D1EC95F3E82FFA /* libPods-Nearbuy.a */ = {isa = PBXFileReference; explicitFileType = archive.ar; includeInIndex = 0; path = "libPods-Nearbuy.a"; sourceTree = BUILT_PRODUCTS_DIR; };
		59ED38311B8D1637004C6F0A /* NearbuyTest.app */ = {isa = PBXFileReference; explicitFileType = wrapper.application; includeInIndex = 0; path = NearbuyTest.app; sourceTree = BUILT_PRODUCTS_DIR; };
		59ED38351B8D1638004C6F0A /* Info.plist */ = {isa = PBXFileReference; lastKnownFileType = text.plist.xml; path = Info.plist; sourceTree = "<group>"; };
		59ED38361B8D1638004C6F0A /* main.m */ = {isa = PBXFileReference; lastKnownFileType = sourcecode.c.objc; path = main.m; sourceTree = "<group>"; };
		59ED38381B8D1638004C6F0A /* AppDelegate.h */ = {isa = PBXFileReference; lastKnownFileType = sourcecode.c.h; path = AppDelegate.h; sourceTree = "<group>"; };
		59ED38391B8D1638004C6F0A /* AppDelegate.m */ = {isa = PBXFileReference; lastKnownFileType = sourcecode.c.objc; path = AppDelegate.m; sourceTree = "<group>"; };
		59ED383B1B8D1639004C6F0A /* Images.xcassets */ = {isa = PBXFileReference; lastKnownFileType = folder.assetcatalog; path = Images.xcassets; sourceTree = "<group>"; };
		59ED383E1B8D1639004C6F0A /* Base */ = {isa = PBXFileReference; lastKnownFileType = file.xib; name = Base; path = Base.lproj/LaunchScreen.xib; sourceTree = "<group>"; };
		59ED38441B8D1639004C6F0A /* NearbuyTests.xctest */ = {isa = PBXFileReference; explicitFileType = wrapper.cfbundle; includeInIndex = 0; path = NearbuyTests.xctest; sourceTree = BUILT_PRODUCTS_DIR; };
		59ED38491B8D1639004C6F0A /* Info.plist */ = {isa = PBXFileReference; lastKnownFileType = text.plist.xml; path = Info.plist; sourceTree = "<group>"; };
		59ED384A1B8D1639004C6F0A /* NearbuyTests.m */ = {isa = PBXFileReference; lastKnownFileType = sourcecode.c.objc; path = NearbuyTests.m; sourceTree = "<group>"; };
		59ED38541B8D8F58004C6F0A /* Constants.h */ = {isa = PBXFileReference; lastKnownFileType = sourcecode.c.h; path = Constants.h; sourceTree = "<group>"; };
		59ED38561B8D9017004C6F0A /* NearbyClient.h */ = {isa = PBXFileReference; fileEncoding = 4; lastKnownFileType = sourcecode.c.h; path = NearbyClient.h; sourceTree = "<group>"; };
		59ED38571B8D9017004C6F0A /* NearbyClient.m */ = {isa = PBXFileReference; fileEncoding = 4; lastKnownFileType = sourcecode.c.objc; path = NearbyClient.m; sourceTree = "<group>"; };
		59ED385A1B8D93DA004C6F0A /* UserDefaultsUtils.h */ = {isa = PBXFileReference; fileEncoding = 4; lastKnownFileType = sourcecode.c.h; path = UserDefaultsUtils.h; sourceTree = "<group>"; };
		59ED385B1B8D93DA004C6F0A /* UserDefaultsUtils.m */ = {isa = PBXFileReference; fileEncoding = 4; lastKnownFileType = sourcecode.c.objc; path = UserDefaultsUtils.m; sourceTree = "<group>"; };
		59ED385E1B8DAE45004C6F0A /* FLGPoisTableViewController.h */ = {isa = PBXFileReference; fileEncoding = 4; lastKnownFileType = sourcecode.c.h; path = FLGPoisTableViewController.h; sourceTree = "<group>"; };
		59ED385F1B8DAE45004C6F0A /* FLGPoisTableViewController.m */ = {isa = PBXFileReference; fileEncoding = 4; lastKnownFileType = sourcecode.c.objc; path = FLGPoisTableViewController.m; sourceTree = "<group>"; };
		59ED38601B8DAE45004C6F0A /* FLGPoisTableViewController.xib */ = {isa = PBXFileReference; fileEncoding = 4; lastKnownFileType = file.xib; path = FLGPoisTableViewController.xib; sourceTree = "<group>"; };
		59ED38631B8DB741004C6F0A /* FLGPushNotificationReceiverViewController.h */ = {isa = PBXFileReference; fileEncoding = 4; lastKnownFileType = sourcecode.c.h; path = FLGPushNotificationReceiverViewController.h; sourceTree = "<group>"; };
		59ED38641B8DB741004C6F0A /* FLGPushNotificationReceiverViewController.m */ = {isa = PBXFileReference; fileEncoding = 4; lastKnownFileType = sourcecode.c.objc; path = FLGPushNotificationReceiverViewController.m; sourceTree = "<group>"; };
		59ED38661B8DCC02004C6F0A /* Poi.h */ = {isa = PBXFileReference; fileEncoding = 4; lastKnownFileType = sourcecode.c.h; path = Poi.h; sourceTree = "<group>"; };
		59ED38671B8DCC02004C6F0A /* Poi.m */ = {isa = PBXFileReference; fileEncoding = 4; lastKnownFileType = sourcecode.c.objc; path = Poi.m; sourceTree = "<group>"; };
		59ED386D1B8DFBC2004C6F0A /* PoisSet.h */ = {isa = PBXFileReference; fileEncoding = 4; lastKnownFileType = sourcecode.c.h; path = PoisSet.h; sourceTree = "<group>"; };
		59ED386E1B8DFBC2004C6F0A /* PoisSet.m */ = {isa = PBXFileReference; fileEncoding = 4; lastKnownFileType = sourcecode.c.objc; path = PoisSet.m; sourceTree = "<group>"; };
		59ED38711B8E0883004C6F0A /* FLGPoiTableViewCell.h */ = {isa = PBXFileReference; fileEncoding = 4; lastKnownFileType = sourcecode.c.h; path = FLGPoiTableViewCell.h; sourceTree = "<group>"; };
		59ED38721B8E0883004C6F0A /* FLGPoiTableViewCell.m */ = {isa = PBXFileReference; fileEncoding = 4; lastKnownFileType = sourcecode.c.objc; path = FLGPoiTableViewCell.m; sourceTree = "<group>"; };
		59ED38731B8E0883004C6F0A /* FLGPoiTableViewCell.xib */ = {isa = PBXFileReference; fileEncoding = 4; lastKnownFileType = file.xib; path = FLGPoiTableViewCell.xib; sourceTree = "<group>"; };
		59ED38761B8E5CE8004C6F0A /* MapKit.framework */ = {isa = PBXFileReference; lastKnownFileType = wrapper.framework; name = MapKit.framework; path = System/Library/Frameworks/MapKit.framework; sourceTree = SDKROOT; };
		59ED38781B8E678A004C6F0A /* MyLocation.h */ = {isa = PBXFileReference; fileEncoding = 4; lastKnownFileType = sourcecode.c.h; path = MyLocation.h; sourceTree = "<group>"; };
		59ED38791B8E678A004C6F0A /* MyLocation.m */ = {isa = PBXFileReference; fileEncoding = 4; lastKnownFileType = sourcecode.c.objc; path = MyLocation.m; sourceTree = "<group>"; };
		59ED38AB1B8E855F004C6F0A /* Raleway-Bold.ttf */ = {isa = PBXFileReference; lastKnownFileType = file; path = "Raleway-Bold.ttf"; sourceTree = "<group>"; };
		59ED38AC1B8E855F004C6F0A /* Raleway-ExtraBold.ttf */ = {isa = PBXFileReference; lastKnownFileType = file; path = "Raleway-ExtraBold.ttf"; sourceTree = "<group>"; };
		59ED38AD1B8E855F004C6F0A /* Raleway-ExtraLight.ttf */ = {isa = PBXFileReference; lastKnownFileType = file; path = "Raleway-ExtraLight.ttf"; sourceTree = "<group>"; };
		59ED38AE1B8E855F004C6F0A /* Raleway-Heavy.ttf */ = {isa = PBXFileReference; lastKnownFileType = file; path = "Raleway-Heavy.ttf"; sourceTree = "<group>"; };
		59ED38AF1B8E855F004C6F0A /* Raleway-Light.ttf */ = {isa = PBXFileReference; lastKnownFileType = file; path = "Raleway-Light.ttf"; sourceTree = "<group>"; };
		59ED38B01B8E855F004C6F0A /* Raleway-Medium.ttf */ = {isa = PBXFileReference; lastKnownFileType = file; path = "Raleway-Medium.ttf"; sourceTree = "<group>"; };
		59ED38B11B8E855F004C6F0A /* Raleway-Regular.ttf */ = {isa = PBXFileReference; lastKnownFileType = file; path = "Raleway-Regular.ttf"; sourceTree = "<group>"; };
		59ED38B21B8E855F004C6F0A /* Raleway-SemiBold.ttf */ = {isa = PBXFileReference; lastKnownFileType = file; path = "Raleway-SemiBold.ttf"; sourceTree = "<group>"; };
		59ED38B31B8E855F004C6F0A /* Raleway-Thin.ttf */ = {isa = PBXFileReference; lastKnownFileType = file; path = "Raleway-Thin.ttf"; sourceTree = "<group>"; };
		59ED38BD1B8E8BD1004C6F0A /* FLGPoiDetailViewController.h */ = {isa = PBXFileReference; fileEncoding = 4; lastKnownFileType = sourcecode.c.h; path = FLGPoiDetailViewController.h; sourceTree = "<group>"; };
		59ED38BE1B8E8BD1004C6F0A /* FLGPoiDetailViewController.m */ = {isa = PBXFileReference; fileEncoding = 4; lastKnownFileType = sourcecode.c.objc; path = FLGPoiDetailViewController.m; sourceTree = "<group>"; };
		59ED38BF1B8E8BD1004C6F0A /* FLGPoiDetailViewController.xib */ = {isa = PBXFileReference; fileEncoding = 4; lastKnownFileType = file.xib; path = FLGPoiDetailViewController.xib; sourceTree = "<group>"; };
		59ED38C81B8FBB28004C6F0A /* NSString+FLGStringUtils.h */ = {isa = PBXFileReference; fileEncoding = 4; lastKnownFileType = sourcecode.c.h; path = "NSString+FLGStringUtils.h"; sourceTree = "<group>"; };
		59ED38C91B8FBB28004C6F0A /* NSString+FLGStringUtils.m */ = {isa = PBXFileReference; fileEncoding = 4; lastKnownFileType = sourcecode.c.objc; path = "NSString+FLGStringUtils.m"; sourceTree = "<group>"; };
		59ED38CB1B8FC48A004C6F0A /* NSNumber+FLGNumberUtils.h */ = {isa = PBXFileReference; fileEncoding = 4; lastKnownFileType = sourcecode.c.h; path = "NSNumber+FLGNumberUtils.h"; sourceTree = "<group>"; };
		59ED38CC1B8FC48A004C6F0A /* NSNumber+FLGNumberUtils.m */ = {isa = PBXFileReference; fileEncoding = 4; lastKnownFileType = sourcecode.c.objc; path = "NSNumber+FLGNumberUtils.m"; sourceTree = "<group>"; };
		59ED38CE1B90A001004C6F0A /* FLGRegionGeofencingViewController.h */ = {isa = PBXFileReference; fileEncoding = 4; lastKnownFileType = sourcecode.c.h; path = FLGRegionGeofencingViewController.h; sourceTree = "<group>"; };
		59ED38CF1B90A001004C6F0A /* FLGRegionGeofencingViewController.m */ = {isa = PBXFileReference; fileEncoding = 4; lastKnownFileType = sourcecode.c.objc; path = FLGRegionGeofencingViewController.m; sourceTree = "<group>"; };
		59ED38D41B91006E004C6F0A /* en */ = {isa = PBXFileReference; lastKnownFileType = text.plist.strings; name = en; path = en.lproj/Localized.strings; sourceTree = "<group>"; };
		59ED38D81B91044A004C6F0A /* Model.xcdatamodel */ = {isa = PBXFileReference; lastKnownFileType = wrapper.xcdatamodel; path = Model.xcdatamodel; sourceTree = "<group>"; };
		ABB951BD06D88BD51640D8BD /* Pods-Nearbuy.debug.xcconfig */ = {isa = PBXFileReference; includeInIndex = 1; lastKnownFileType = text.xcconfig; name = "Pods-Nearbuy.debug.xcconfig"; path = "Pods/Target Support Files/Pods-Nearbuy/Pods-Nearbuy.debug.xcconfig"; sourceTree = "<group>"; };
		AF24A032A6441A56CB650C0F /* Pods-Nearbuy.release.xcconfig */ = {isa = PBXFileReference; includeInIndex = 1; lastKnownFileType = text.xcconfig; name = "Pods-Nearbuy.release.xcconfig"; path = "Pods/Target Support Files/Pods-Nearbuy/Pods-Nearbuy.release.xcconfig"; sourceTree = "<group>"; };
/* End PBXFileReference section */

/* Begin PBXFrameworksBuildPhase section */
		59ED382E1B8D1636004C6F0A /* Frameworks */ = {
			isa = PBXFrameworksBuildPhase;
			buildActionMask = 2147483647;
			files = (
				59ED38771B8E5CE8004C6F0A /* MapKit.framework in Frameworks */,
				429164934E001DA9E7351771 /* libPods-Nearbuy.a in Frameworks */,
			);
			runOnlyForDeploymentPostprocessing = 0;
		};
		59ED38411B8D1639004C6F0A /* Frameworks */ = {
			isa = PBXFrameworksBuildPhase;
			buildActionMask = 2147483647;
			files = (
			);
			runOnlyForDeploymentPostprocessing = 0;
		};
/* End PBXFrameworksBuildPhase section */

/* Begin PBXGroup section */
		0B92789CF6B38FA5686296AF /* Frameworks */ = {
			isa = PBXGroup;
			children = (
				59ED38761B8E5CE8004C6F0A /* MapKit.framework */,
				48AF2F2923D1EC95F3E82FFA /* libPods-Nearbuy.a */,
			);
			name = Frameworks;
			sourceTree = "<group>";
		};
		59ED38281B8D1636004C6F0A = {
			isa = PBXGroup;
			children = (
				59ED38331B8D1637004C6F0A /* Nearbuy */,
				59ED38471B8D1639004C6F0A /* NearbuyTests */,
				59ED38321B8D1637004C6F0A /* Products */,
				BA6769658ABEBD8CE228C44F /* Pods */,
				0B92789CF6B38FA5686296AF /* Frameworks */,
			);
			sourceTree = "<group>";
		};
		59ED38321B8D1637004C6F0A /* Products */ = {
			isa = PBXGroup;
			children = (
				59ED38311B8D1637004C6F0A /* NearbuyTest.app */,
				59ED38441B8D1639004C6F0A /* NearbuyTests.xctest */,
			);
			name = Products;
			sourceTree = "<group>";
		};
		59ED38331B8D1637004C6F0A /* Nearbuy */ = {
			isa = PBXGroup;
			children = (
				59ED38381B8D1638004C6F0A /* AppDelegate.h */,
				59ED38391B8D1638004C6F0A /* AppDelegate.m */,
				59ED38541B8D8F58004C6F0A /* Constants.h */,
				59ED383B1B8D1639004C6F0A /* Images.xcassets */,
				59ED383D1B8D1639004C6F0A /* LaunchScreen.xib */,
				59ED38551B8D8FCF004C6F0A /* API Client */,
				59ED38591B8D93BA004C6F0A /* Utils */,
				59ED38691B8DCC8E004C6F0A /* Models */,
				59ED38701B8E0869004C6F0A /* Views */,
				59ED385D1B8DADF3004C6F0A /* Controllers */,
				59ED387B1B8E80ED004C6F0A /* Resources */,
				59ED38341B8D1638004C6F0A /* Supporting Files */,
			);
			path = Nearbuy;
			sourceTree = "<group>";
		};
		59ED38341B8D1638004C6F0A /* Supporting Files */ = {
			isa = PBXGroup;
			children = (
				59ED38351B8D1638004C6F0A /* Info.plist */,
				59ED38361B8D1638004C6F0A /* main.m */,
			);
			name = "Supporting Files";
			sourceTree = "<group>";
		};
		59ED38471B8D1639004C6F0A /* NearbuyTests */ = {
			isa = PBXGroup;
			children = (
				59ED384A1B8D1639004C6F0A /* NearbuyTests.m */,
				59ED38481B8D1639004C6F0A /* Supporting Files */,
			);
			path = NearbuyTests;
			sourceTree = "<group>";
		};
		59ED38481B8D1639004C6F0A /* Supporting Files */ = {
			isa = PBXGroup;
			children = (
				59ED38491B8D1639004C6F0A /* Info.plist */,
			);
			name = "Supporting Files";
			sourceTree = "<group>";
		};
		59ED38551B8D8FCF004C6F0A /* API Client */ = {
			isa = PBXGroup;
			children = (
				59ED38561B8D9017004C6F0A /* NearbyClient.h */,
				59ED38571B8D9017004C6F0A /* NearbyClient.m */,
			);
			name = "API Client";
			sourceTree = "<group>";
		};
		59ED38591B8D93BA004C6F0A /* Utils */ = {
			isa = PBXGroup;
			children = (
				59ED385A1B8D93DA004C6F0A /* UserDefaultsUtils.h */,
				59ED385B1B8D93DA004C6F0A /* UserDefaultsUtils.m */,
				59ED38C81B8FBB28004C6F0A /* NSString+FLGStringUtils.h */,
				59ED38C91B8FBB28004C6F0A /* NSString+FLGStringUtils.m */,
				59ED38CB1B8FC48A004C6F0A /* NSNumber+FLGNumberUtils.h */,
				59ED38CC1B8FC48A004C6F0A /* NSNumber+FLGNumberUtils.m */,
			);
			name = Utils;
			sourceTree = "<group>";
		};
		59ED385D1B8DADF3004C6F0A /* Controllers */ = {
			isa = PBXGroup;
			children = (
				59ED38631B8DB741004C6F0A /* FLGPushNotificationReceiverViewController.h */,
				59ED38641B8DB741004C6F0A /* FLGPushNotificationReceiverViewController.m */,
				59ED38CE1B90A001004C6F0A /* FLGRegionGeofencingViewController.h */,
				59ED38CF1B90A001004C6F0A /* FLGRegionGeofencingViewController.m */,
				59ED385E1B8DAE45004C6F0A /* FLGPoisTableViewController.h */,
				59ED385F1B8DAE45004C6F0A /* FLGPoisTableViewController.m */,
				59ED38601B8DAE45004C6F0A /* FLGPoisTableViewController.xib */,
				59ED38BD1B8E8BD1004C6F0A /* FLGPoiDetailViewController.h */,
				59ED38BE1B8E8BD1004C6F0A /* FLGPoiDetailViewController.m */,
				59ED38BF1B8E8BD1004C6F0A /* FLGPoiDetailViewController.xib */,
			);
			name = Controllers;
			sourceTree = "<group>";
		};
		59ED38691B8DCC8E004C6F0A /* Models */ = {
			isa = PBXGroup;
			children = (
				59ED38D61B910423004C6F0A /* Core Data */,
				59ED38661B8DCC02004C6F0A /* Poi.h */,
				59ED38671B8DCC02004C6F0A /* Poi.m */,
				59ED386D1B8DFBC2004C6F0A /* PoisSet.h */,
				59ED386E1B8DFBC2004C6F0A /* PoisSet.m */,
				59ED38781B8E678A004C6F0A /* MyLocation.h */,
				59ED38791B8E678A004C6F0A /* MyLocation.m */,
			);
			name = Models;
			sourceTree = "<group>";
		};
		59ED38701B8E0869004C6F0A /* Views */ = {
			isa = PBXGroup;
			children = (
				59ED38711B8E0883004C6F0A /* FLGPoiTableViewCell.h */,
				59ED38721B8E0883004C6F0A /* FLGPoiTableViewCell.m */,
				59ED38731B8E0883004C6F0A /* FLGPoiTableViewCell.xib */,
			);
			name = Views;
			sourceTree = "<group>";
		};
		59ED387B1B8E80ED004C6F0A /* Resources */ = {
			isa = PBXGroup;
			children = (
				59ED387C1B8E80F4004C6F0A /* Fonts */,
				59ED38D51B91006E004C6F0A /* Localized.strings */,
			);
			name = Resources;
			sourceTree = "<group>";
		};
		59ED387C1B8E80F4004C6F0A /* Fonts */ = {
			isa = PBXGroup;
			children = (
				59ED38AB1B8E855F004C6F0A /* Raleway-Bold.ttf */,
				59ED38AC1B8E855F004C6F0A /* Raleway-ExtraBold.ttf */,
				59ED38AD1B8E855F004C6F0A /* Raleway-ExtraLight.ttf */,
				59ED38AE1B8E855F004C6F0A /* Raleway-Heavy.ttf */,
				59ED38AF1B8E855F004C6F0A /* Raleway-Light.ttf */,
				59ED38B01B8E855F004C6F0A /* Raleway-Medium.ttf */,
				59ED38B11B8E855F004C6F0A /* Raleway-Regular.ttf */,
				59ED38B21B8E855F004C6F0A /* Raleway-SemiBold.ttf */,
				59ED38B31B8E855F004C6F0A /* Raleway-Thin.ttf */,
			);
			name = Fonts;
			sourceTree = "<group>";
		};
		59ED38D61B910423004C6F0A /* Core Data */ = {
			isa = PBXGroup;
			children = (
				59ED38D71B91044A004C6F0A /* Model.xcdatamodeld */,
			);
			name = "Core Data";
			sourceTree = "<group>";
		};
		BA6769658ABEBD8CE228C44F /* Pods */ = {
			isa = PBXGroup;
			children = (
				ABB951BD06D88BD51640D8BD /* Pods-Nearbuy.debug.xcconfig */,
				AF24A032A6441A56CB650C0F /* Pods-Nearbuy.release.xcconfig */,
			);
			name = Pods;
			sourceTree = "<group>";
		};
/* End PBXGroup section */

/* Begin PBXNativeTarget section */
		59ED38301B8D1636004C6F0A /* Nearbuy */ = {
			isa = PBXNativeTarget;
			buildConfigurationList = 59ED384E1B8D1639004C6F0A /* Build configuration list for PBXNativeTarget "Nearbuy" */;
			buildPhases = (
				DDC059EC77CFC8B0748EC0EE /* Check Pods Manifest.lock */,
				59ED382D1B8D1636004C6F0A /* Sources */,
				59ED382E1B8D1636004C6F0A /* Frameworks */,
				59ED382F1B8D1636004C6F0A /* Resources */,
				0E17408C0CB5AF7D214BF580 /* Copy Pods Resources */,
			);
			buildRules = (
			);
			dependencies = (
			);
			name = Nearbuy;
			productName = Nearbuy;
			productReference = 59ED38311B8D1637004C6F0A /* NearbuyTest.app */;
			productType = "com.apple.product-type.application";
		};
		59ED38431B8D1639004C6F0A /* NearbuyTests */ = {
			isa = PBXNativeTarget;
			buildConfigurationList = 59ED38511B8D1639004C6F0A /* Build configuration list for PBXNativeTarget "NearbuyTests" */;
			buildPhases = (
				59ED38401B8D1639004C6F0A /* Sources */,
				59ED38411B8D1639004C6F0A /* Frameworks */,
				59ED38421B8D1639004C6F0A /* Resources */,
			);
			buildRules = (
			);
			dependencies = (
				59ED38461B8D1639004C6F0A /* PBXTargetDependency */,
			);
			name = NearbuyTests;
			productName = NearbuyTests;
			productReference = 59ED38441B8D1639004C6F0A /* NearbuyTests.xctest */;
			productType = "com.apple.product-type.bundle.unit-test";
		};
/* End PBXNativeTarget section */

/* Begin PBXProject section */
		59ED38291B8D1636004C6F0A /* Project object */ = {
			isa = PBXProject;
			attributes = {
				LastUpgradeCheck = 0640;
				ORGANIZATIONNAME = JavierAlzueta;
				TargetAttributes = {
					59ED38301B8D1636004C6F0A = {
						CreatedOnToolsVersion = 6.4;
						DevelopmentTeam = H28D9YK49Q;
						SystemCapabilities = {
							com.apple.BackgroundModes = {
								enabled = 1;
							};
						};
					};
					59ED38431B8D1639004C6F0A = {
						CreatedOnToolsVersion = 6.4;
						TestTargetID = 59ED38301B8D1636004C6F0A;
					};
				};
			};
			buildConfigurationList = 59ED382C1B8D1636004C6F0A /* Build configuration list for PBXProject "Nearbuy" */;
			compatibilityVersion = "Xcode 3.2";
			developmentRegion = English;
			hasScannedForEncodings = 0;
			knownRegions = (
				en,
				Base,
			);
			mainGroup = 59ED38281B8D1636004C6F0A;
			productRefGroup = 59ED38321B8D1637004C6F0A /* Products */;
			projectDirPath = "";
			projectRoot = "";
			targets = (
				59ED38301B8D1636004C6F0A /* Nearbuy */,
				59ED38431B8D1639004C6F0A /* NearbuyTests */,
			);
		};
/* End PBXProject section */

/* Begin PBXResourcesBuildPhase section */
		59ED382F1B8D1636004C6F0A /* Resources */ = {
			isa = PBXResourcesBuildPhase;
			buildActionMask = 2147483647;
			files = (
				59ED38B51B8E855F004C6F0A /* Raleway-ExtraBold.ttf in Resources */,
				59ED38751B8E0883004C6F0A /* FLGPoiTableViewCell.xib in Resources */,
				59ED383F1B8D1639004C6F0A /* LaunchScreen.xib in Resources */,
				59ED383C1B8D1639004C6F0A /* Images.xcassets in Resources */,
				59ED38B71B8E855F004C6F0A /* Raleway-Heavy.ttf in Resources */,
				59ED38B41B8E855F004C6F0A /* Raleway-Bold.ttf in Resources */,
				59ED38B81B8E855F004C6F0A /* Raleway-Light.ttf in Resources */,
				59ED38B91B8E855F004C6F0A /* Raleway-Medium.ttf in Resources */,
				59ED38C11B8E8BD1004C6F0A /* FLGPoiDetailViewController.xib in Resources */,
				59ED38B61B8E855F004C6F0A /* Raleway-ExtraLight.ttf in Resources */,
				59ED38BC1B8E855F004C6F0A /* Raleway-Thin.ttf in Resources */,
				59ED38BB1B8E855F004C6F0A /* Raleway-SemiBold.ttf in Resources */,
				59ED38D31B91006E004C6F0A /* Localized.strings in Resources */,
				59ED38BA1B8E855F004C6F0A /* Raleway-Regular.ttf in Resources */,
				59ED38621B8DAE45004C6F0A /* FLGPoisTableViewController.xib in Resources */,
			);
			runOnlyForDeploymentPostprocessing = 0;
		};
		59ED38421B8D1639004C6F0A /* Resources */ = {
			isa = PBXResourcesBuildPhase;
			buildActionMask = 2147483647;
			files = (
			);
			runOnlyForDeploymentPostprocessing = 0;
		};
/* End PBXResourcesBuildPhase section */

/* Begin PBXShellScriptBuildPhase section */
		0E17408C0CB5AF7D214BF580 /* Copy Pods Resources */ = {
			isa = PBXShellScriptBuildPhase;
			buildActionMask = 2147483647;
			files = (
			);
			inputPaths = (
			);
			name = "Copy Pods Resources";
			outputPaths = (
			);
			runOnlyForDeploymentPostprocessing = 0;
			shellPath = /bin/sh;
			shellScript = "\"${SRCROOT}/Pods/Target Support Files/Pods-Nearbuy/Pods-Nearbuy-resources.sh\"\n";
			showEnvVarsInLog = 0;
		};
		DDC059EC77CFC8B0748EC0EE /* Check Pods Manifest.lock */ = {
			isa = PBXShellScriptBuildPhase;
			buildActionMask = 2147483647;
			files = (
			);
			inputPaths = (
			);
			name = "Check Pods Manifest.lock";
			outputPaths = (
			);
			runOnlyForDeploymentPostprocessing = 0;
			shellPath = /bin/sh;
			shellScript = "diff \"${PODS_ROOT}/../Podfile.lock\" \"${PODS_ROOT}/Manifest.lock\" > /dev/null\nif [[ $? != 0 ]] ; then\n    cat << EOM\nerror: The sandbox is not in sync with the Podfile.lock. Run 'pod install' or update your CocoaPods installation.\nEOM\n    exit 1\nfi\n";
			showEnvVarsInLog = 0;
		};
/* End PBXShellScriptBuildPhase section */

/* Begin PBXSourcesBuildPhase section */
		59ED382D1B8D1636004C6F0A /* Sources */ = {
			isa = PBXSourcesBuildPhase;
			buildActionMask = 2147483647;
			files = (
				59ED38CD1B8FC48A004C6F0A /* NSNumber+FLGNumberUtils.m in Sources */,
				59ED38651B8DB741004C6F0A /* FLGPushNotificationReceiverViewController.m in Sources */,
				59ED38D91B91044A004C6F0A /* Model.xcdatamodeld in Sources */,
				59ED383A1B8D1638004C6F0A /* AppDelegate.m in Sources */,
				59ED38C01B8E8BD1004C6F0A /* FLGPoiDetailViewController.m in Sources */,
				59ED386F1B8DFBC2004C6F0A /* PoisSet.m in Sources */,
				59ED38CA1B8FBB28004C6F0A /* NSString+FLGStringUtils.m in Sources */,
				59ED38D01B90A001004C6F0A /* FLGRegionGeofencingViewController.m in Sources */,
				59ED387A1B8E678A004C6F0A /* MyLocation.m in Sources */,
				59ED38611B8DAE45004C6F0A /* FLGPoisTableViewController.m in Sources */,
				59ED38681B8DCC02004C6F0A /* Poi.m in Sources */,
				59ED38741B8E0883004C6F0A /* FLGPoiTableViewCell.m in Sources */,
				59ED38371B8D1638004C6F0A /* main.m in Sources */,
				59ED385C1B8D93DA004C6F0A /* UserDefaultsUtils.m in Sources */,
				59ED38581B8D9017004C6F0A /* NearbyClient.m in Sources */,
			);
			runOnlyForDeploymentPostprocessing = 0;
		};
		59ED38401B8D1639004C6F0A /* Sources */ = {
			isa = PBXSourcesBuildPhase;
			buildActionMask = 2147483647;
			files = (
				59ED384B1B8D1639004C6F0A /* NearbuyTests.m in Sources */,
			);
			runOnlyForDeploymentPostprocessing = 0;
		};
/* End PBXSourcesBuildPhase section */

/* Begin PBXTargetDependency section */
		59ED38461B8D1639004C6F0A /* PBXTargetDependency */ = {
			isa = PBXTargetDependency;
			target = 59ED38301B8D1636004C6F0A /* Nearbuy */;
			targetProxy = 59ED38451B8D1639004C6F0A /* PBXContainerItemProxy */;
		};
/* End PBXTargetDependency section */

/* Begin PBXVariantGroup section */
		59ED383D1B8D1639004C6F0A /* LaunchScreen.xib */ = {
			isa = PBXVariantGroup;
			children = (
				59ED383E1B8D1639004C6F0A /* Base */,
			);
			name = LaunchScreen.xib;
			sourceTree = "<group>";
		};
		59ED38D51B91006E004C6F0A /* Localized.strings */ = {
			isa = PBXVariantGroup;
			children = (
				59ED38D41B91006E004C6F0A /* en */,
			);
			name = Localized.strings;
			sourceTree = "<group>";
		};
/* End PBXVariantGroup section */

/* Begin XCBuildConfiguration section */
		59ED384C1B8D1639004C6F0A /* Debug */ = {
			isa = XCBuildConfiguration;
			buildSettings = {
				ALWAYS_SEARCH_USER_PATHS = NO;
				CLANG_CXX_LANGUAGE_STANDARD = "gnu++0x";
				CLANG_CXX_LIBRARY = "libc++";
				CLANG_ENABLE_MODULES = YES;
				CLANG_ENABLE_OBJC_ARC = YES;
				CLANG_WARN_BOOL_CONVERSION = YES;
				CLANG_WARN_CONSTANT_CONVERSION = YES;
				CLANG_WARN_DIRECT_OBJC_ISA_USAGE = YES_ERROR;
				CLANG_WARN_EMPTY_BODY = YES;
				CLANG_WARN_ENUM_CONVERSION = YES;
				CLANG_WARN_INT_CONVERSION = YES;
				CLANG_WARN_OBJC_ROOT_CLASS = YES_ERROR;
				CLANG_WARN_UNREACHABLE_CODE = YES;
				CLANG_WARN__DUPLICATE_METHOD_MATCH = YES;
				"CODE_SIGN_IDENTITY[sdk=iphoneos*]" = "iPhone Developer";
				COPY_PHASE_STRIP = NO;
				DEBUG_INFORMATION_FORMAT = "dwarf-with-dsym";
				ENABLE_STRICT_OBJC_MSGSEND = YES;
				GCC_C_LANGUAGE_STANDARD = gnu99;
				GCC_DYNAMIC_NO_PIC = NO;
				GCC_NO_COMMON_BLOCKS = YES;
				GCC_OPTIMIZATION_LEVEL = 0;
				GCC_PREPROCESSOR_DEFINITIONS = (
					"DEBUG=1",
					"$(inherited)",
				);
				GCC_SYMBOLS_PRIVATE_EXTERN = NO;
				GCC_WARN_64_TO_32_BIT_CONVERSION = YES;
				GCC_WARN_ABOUT_RETURN_TYPE = YES_ERROR;
				GCC_WARN_UNDECLARED_SELECTOR = YES;
				GCC_WARN_UNINITIALIZED_AUTOS = YES_AGGRESSIVE;
				GCC_WARN_UNUSED_FUNCTION = YES;
				GCC_WARN_UNUSED_VARIABLE = YES;
				IPHONEOS_DEPLOYMENT_TARGET = 8.4;
				MTL_ENABLE_DEBUG_INFO = YES;
				ONLY_ACTIVE_ARCH = YES;
				SDKROOT = iphoneos;
				TARGETED_DEVICE_FAMILY = "1,2";
			};
			name = Debug;
		};
		59ED384D1B8D1639004C6F0A /* Release */ = {
			isa = XCBuildConfiguration;
			buildSettings = {
				ALWAYS_SEARCH_USER_PATHS = NO;
				CLANG_CXX_LANGUAGE_STANDARD = "gnu++0x";
				CLANG_CXX_LIBRARY = "libc++";
				CLANG_ENABLE_MODULES = YES;
				CLANG_ENABLE_OBJC_ARC = YES;
				CLANG_WARN_BOOL_CONVERSION = YES;
				CLANG_WARN_CONSTANT_CONVERSION = YES;
				CLANG_WARN_DIRECT_OBJC_ISA_USAGE = YES_ERROR;
				CLANG_WARN_EMPTY_BODY = YES;
				CLANG_WARN_ENUM_CONVERSION = YES;
				CLANG_WARN_INT_CONVERSION = YES;
				CLANG_WARN_OBJC_ROOT_CLASS = YES_ERROR;
				CLANG_WARN_UNREACHABLE_CODE = YES;
				CLANG_WARN__DUPLICATE_METHOD_MATCH = YES;
				"CODE_SIGN_IDENTITY[sdk=iphoneos*]" = "iPhone Developer";
				COPY_PHASE_STRIP = NO;
				DEBUG_INFORMATION_FORMAT = "dwarf-with-dsym";
				ENABLE_NS_ASSERTIONS = NO;
				ENABLE_STRICT_OBJC_MSGSEND = YES;
				GCC_C_LANGUAGE_STANDARD = gnu99;
				GCC_NO_COMMON_BLOCKS = YES;
				GCC_WARN_64_TO_32_BIT_CONVERSION = YES;
				GCC_WARN_ABOUT_RETURN_TYPE = YES_ERROR;
				GCC_WARN_UNDECLARED_SELECTOR = YES;
				GCC_WARN_UNINITIALIZED_AUTOS = YES_AGGRESSIVE;
				GCC_WARN_UNUSED_FUNCTION = YES;
				GCC_WARN_UNUSED_VARIABLE = YES;
				IPHONEOS_DEPLOYMENT_TARGET = 8.4;
				MTL_ENABLE_DEBUG_INFO = NO;
				SDKROOT = iphoneos;
				TARGETED_DEVICE_FAMILY = "1,2";
				VALIDATE_PRODUCT = YES;
			};
			name = Release;
		};
		59ED384F1B8D1639004C6F0A /* Debug */ = {
			isa = XCBuildConfiguration;
			baseConfigurationReference = ABB951BD06D88BD51640D8BD /* Pods-Nearbuy.debug.xcconfig */;
			buildSettings = {
				ASSETCATALOG_COMPILER_APPICON_NAME = AppIcon;
				ASSETCATALOG_COMPILER_LAUNCHIMAGE_NAME = LaunchImage;
				CODE_SIGN_IDENTITY = "iPhone Developer";
				"CODE_SIGN_IDENTITY[sdk=iphoneos*]" = "iPhone Developer: Javier Alzueta Pellicer (WP72ZHSJRN)";
				INFOPLIST_FILE = Nearbuy/Info.plist;
				IPHONEOS_DEPLOYMENT_TARGET = 7.0;
				LD_RUNPATH_SEARCH_PATHS = "$(inherited) @executable_path/Frameworks";
				PRODUCT_NAME = NearbuyTest;
				PROVISIONING_PROFILE = "b1b1af9a-fd94-44b2-a2c6-ed619fcb4f5e";
			};
			name = Debug;
		};
		59ED38501B8D1639004C6F0A /* Release */ = {
			isa = XCBuildConfiguration;
			baseConfigurationReference = AF24A032A6441A56CB650C0F /* Pods-Nearbuy.release.xcconfig */;
			buildSettings = {
				ASSETCATALOG_COMPILER_APPICON_NAME = AppIcon;
				ASSETCATALOG_COMPILER_LAUNCHIMAGE_NAME = LaunchImage;
				CODE_SIGN_IDENTITY = "iPhone Developer";
				INFOPLIST_FILE = Nearbuy/Info.plist;
				IPHONEOS_DEPLOYMENT_TARGET = 7.0;
				LD_RUNPATH_SEARCH_PATHS = "$(inherited) @executable_path/Frameworks";
				PRODUCT_NAME = NearbuyTest;
			};
			name = Release;
		};
		59ED38521B8D1639004C6F0A /* Debug */ = {
			isa = XCBuildConfiguration;
			buildSettings = {
				BUNDLE_LOADER = "$(TEST_HOST)";
				FRAMEWORK_SEARCH_PATHS = (
					"$(SDKROOT)/Developer/Library/Frameworks",
					"$(inherited)",
				);
				GCC_PREPROCESSOR_DEFINITIONS = (
					"DEBUG=1",
					"$(inherited)",
				);
				INFOPLIST_FILE = NearbuyTests/Info.plist;
				LD_RUNPATH_SEARCH_PATHS = "$(inherited) @executable_path/Frameworks @loader_path/Frameworks";
				PRODUCT_NAME = "$(TARGET_NAME)";
				TEST_HOST = "$(BUILT_PRODUCTS_DIR)/Nearbuy.app/Nearbuy";
			};
			name = Debug;
		};
		59ED38531B8D1639004C6F0A /* Release */ = {
			isa = XCBuildConfiguration;
			buildSettings = {
				BUNDLE_LOADER = "$(TEST_HOST)";
				FRAMEWORK_SEARCH_PATHS = (
					"$(SDKROOT)/Developer/Library/Frameworks",
					"$(inherited)",
				);
				INFOPLIST_FILE = NearbuyTests/Info.plist;
				LD_RUNPATH_SEARCH_PATHS = "$(inherited) @executable_path/Frameworks @loader_path/Frameworks";
				PRODUCT_NAME = "$(TARGET_NAME)";
				TEST_HOST = "$(BUILT_PRODUCTS_DIR)/Nearbuy.app/Nearbuy";
			};
			name = Release;
		};
/* End XCBuildConfiguration section */

/* Begin XCConfigurationList section */
		59ED382C1B8D1636004C6F0A /* Build configuration list for PBXProject "Nearbuy" */ = {
			isa = XCConfigurationList;
			buildConfigurations = (
				59ED384C1B8D1639004C6F0A /* Debug */,
				59ED384D1B8D1639004C6F0A /* Release */,
			);
			defaultConfigurationIsVisible = 0;
			defaultConfigurationName = Release;
		};
		59ED384E1B8D1639004C6F0A /* Build configuration list for PBXNativeTarget "Nearbuy" */ = {
			isa = XCConfigurationList;
			buildConfigurations = (
				59ED384F1B8D1639004C6F0A /* Debug */,
				59ED38501B8D1639004C6F0A /* Release */,
			);
			defaultConfigurationIsVisible = 0;
			defaultConfigurationName = Release;
		};
		59ED38511B8D1639004C6F0A /* Build configuration list for PBXNativeTarget "NearbuyTests" */ = {
			isa = XCConfigurationList;
			buildConfigurations = (
				59ED38521B8D1639004C6F0A /* Debug */,
				59ED38531B8D1639004C6F0A /* Release */,
			);
			defaultConfigurationIsVisible = 0;
			defaultConfigurationName = Release;
		};
/* End XCConfigurationList section */

/* Begin XCVersionGroup section */
		59ED38D71B91044A004C6F0A /* Model.xcdatamodeld */ = {
			isa = XCVersionGroup;
			children = (
				59ED38D81B91044A004C6F0A /* Model.xcdatamodel */,
			);
			currentVersion = 59ED38D81B91044A004C6F0A /* Model.xcdatamodel */;
			path = Model.xcdatamodeld;
			sourceTree = "<group>";
			versionGroupType = wrapper.xcdatamodel;
		};
/* End XCVersionGroup section */
	};
	rootObject = 59ED38291B8D1636004C6F0A /* Project object */;
}
